
Microsoft Visual Studio Solution File, Format Version 12.00
# Visual Studio Version 16
VisualStudioVersion = 16.0.33920.266
MinimumVisualStudioVersion = 10.0.40219.1
Project("{FAE04EC0-301F-11D3-BF4B-00C04F79EFBC}") = "AjaxCab", "AjaxCab\AjaxCab.csproj", "{797C8561-8512-4B7D-BD67-98DCBCE721D0}"
EndProject
Global
	GlobalSection(SolutionConfigurationPlatforms) = preSolution
		Debug|Any CPU = Debug|Any CPU
		Release|Any CPU = Release|Any CPU
	EndGlobalSection
	GlobalSection(ProjectConfigurationPlatforms) = postSolution
		{797C8561-8512-4B7D-BD67-98DCBCE721D0}.Debug|Any CPU.ActiveCfg = Debug|Any CPU
		{797C8561-8512-4B7D-BD67-98DCBCE721D0}.Debug|Any CPU.Build.0 = Debug|Any CPU
		{797C8561-8512-4B7D-BD67-98DCBCE721D0}.Release|Any CPU.ActiveCfg = Release|Any CPU
		{797C8561-8512-4B7D-BD67-98DCBCE721D0}.Release|Any CPU.Build.0 = Release|Any CPU
	EndGlobalSection
	GlobalSection(SolutionProperties) = preSolution
		HideSolutionNode = FALSE
	EndGlobalSection
	GlobalSection(ExtensibilityGlobals) = postSolution
		SolutionGuid = {855D26AF-0A53-4A14-80D7-8A603A153CC6}
	EndGlobalSection
EndGlobal
